
Microsoft Visual Studio Solution File, Format Version 12.00
# Visual Studio Version 16
VisualStudioVersion = 16.0.30204.135
MinimumVisualStudioVersion = 10.0.40219.1
Project("{9A19103F-16F7-4668-BE54-9A1E7A4F7556}") = "Kafka.AspNetCore.DependencyInjection", "src\Kafka.AspNetCore.DependencyInjection\Kafka.AspNetCore.DependencyInjection.csproj", "{EFB839F9-95D9-40B5-9C95-058D23A9D318}"
EndProject
Project("{2150E333-8FDC-42A3-9474-1A3956D46DE8}") = "src", "src", "{99A1063D-297C-45FC-A864-4843C11CF1CF}"
EndProject
Project("{2150E333-8FDC-42A3-9474-1A3956D46DE8}") = "tests", "tests", "{86B231D9-F52B-4D7F-B54A-4B376B866185}"
EndProject
Project("{2150E333-8FDC-42A3-9474-1A3956D46DE8}") = "UnitTests", "UnitTests", "{05C3DE1E-1725-4A90-99F3-A0125BB8839A}"
EndProject
Project("{9A19103F-16F7-4668-BE54-9A1E7A4F7556}") = "Kafka.AspNetCore.DependencyInjection.UnitTests", "tests\UnitTests\Kafka.AspNetCore.DependencyInjection.UnitTests.csproj", "{514BF115-59E3-4131-AE1F-17FB3FBA9D52}"
EndProject
Global
	GlobalSection(SolutionConfigurationPlatforms) = preSolution
		Debug|Any CPU = Debug|Any CPU
		Release|Any CPU = Release|Any CPU
	EndGlobalSection
	GlobalSection(ProjectConfigurationPlatforms) = postSolution
		{EFB839F9-95D9-40B5-9C95-058D23A9D318}.Debug|Any CPU.ActiveCfg = Debug|Any CPU
		{EFB839F9-95D9-40B5-9C95-058D23A9D318}.Debug|Any CPU.Build.0 = Debug|Any CPU
		{EFB839F9-95D9-40B5-9C95-058D23A9D318}.Release|Any CPU.ActiveCfg = Release|Any CPU
		{EFB839F9-95D9-40B5-9C95-058D23A9D318}.Release|Any CPU.Build.0 = Release|Any CPU
		{514BF115-59E3-4131-AE1F-17FB3FBA9D52}.Debug|Any CPU.ActiveCfg = Debug|Any CPU
		{514BF115-59E3-4131-AE1F-17FB3FBA9D52}.Debug|Any CPU.Build.0 = Debug|Any CPU
		{514BF115-59E3-4131-AE1F-17FB3FBA9D52}.Release|Any CPU.ActiveCfg = Release|Any CPU
		{514BF115-59E3-4131-AE1F-17FB3FBA9D52}.Release|Any CPU.Build.0 = Release|Any CPU
	EndGlobalSection
	GlobalSection(SolutionProperties) = preSolution
		HideSolutionNode = FALSE
	EndGlobalSection
	GlobalSection(NestedProjects) = preSolution
		{EFB839F9-95D9-40B5-9C95-058D23A9D318} = {99A1063D-297C-45FC-A864-4843C11CF1CF}
		{05C3DE1E-1725-4A90-99F3-A0125BB8839A} = {86B231D9-F52B-4D7F-B54A-4B376B866185}
		{514BF115-59E3-4131-AE1F-17FB3FBA9D52} = {05C3DE1E-1725-4A90-99F3-A0125BB8839A}
	EndGlobalSection
	GlobalSection(ExtensibilityGlobals) = postSolution
		SolutionGuid = {6085736B-160C-4209-8BB9-6E0474103C18}
	EndGlobalSection
EndGlobal
